{
  "name": "elm-ffi-browser",
  "lockfileVersion": 3,
  "requires": true,
  "packages": {
    "": {
      "name": "elm-ffi-browser",
      "devDependencies": {
        "elm-ffi": "github:pravdomil/elm-ffi",
        "elm-utils": "github:pravdomil/elm-utils"
      }
    },
    "node_modules/elm-ffi": {
      "resolved": "git+ssh://git@github.com/pravdomil/elm-ffi.git#c30c49cbadede15ca14172a6e4d4ecd2ad29f15a",
      "dev": true,
      "bin": {
        "elm-ffi": "bin/elm-ffi"
      }
    },
    "node_modules/elm-utils": {
      "resolved": "git+ssh://git@github.com/pravdomil/elm-utils.git#296d9fba2df833dad252aeef5a8827b8daa00d08",
      "dev": true
    }
  }
}
