{
  "name": "elm-ffi-browser",
  "lockfileVersion": 2,
  "requires": true,
  "packages": {
    "": {
      "name": "elm-ffi-browser",
      "devDependencies": {
        "elm-ffi": "github:pravdomil/elm-ffi",
        "elm-utils": "github:pravdomil/elm-utils"
      }
    },
    "node_modules/elm-ffi": {
      "resolved": "git+ssh://git@github.com/pravdomil/elm-ffi.git#3dd99ec50eba7e70fd65f96a9faa383289faeb1c",
      "dev": true,
      "bin": {
        "elm-ffi": "bin/elm-ffi"
      }
    },
    "node_modules/elm-utils": {
      "resolved": "git+ssh://git@github.com/pravdomil/elm-utils.git#541063200d17304940264999ae187a917dbff805",
      "dev": true
    }
  },
  "dependencies": {
    "elm-ffi": {
      "version": "git+ssh://git@github.com/pravdomil/elm-ffi.git#3dd99ec50eba7e70fd65f96a9faa383289faeb1c",
      "dev": true,
      "from": "elm-ffi@github:pravdomil/elm-ffi"
    },
    "elm-utils": {
      "version": "git+ssh://git@github.com/pravdomil/elm-utils.git#541063200d17304940264999ae187a917dbff805",
      "dev": true,
      "from": "elm-utils@pravdomil/elm-utils"
    }
  }
}
